
Microsoft Visual Studio Solution File, Format Version 12.00
# Visual Studio 15
VisualStudioVersion = 15.0.28010.2026
MinimumVisualStudioVersion = 10.0.40219.1
Project("{FAE04EC0-301F-11D3-BF4B-00C04F79EFBC}") = "38", "38\38.csproj", "{02B6DDD7-5FF0-43CA-9503-B396D67B986F}"
EndProject
Global
	GlobalSection(SolutionConfigurationPlatforms) = preSolution
		Debug|Any CPU = Debug|Any CPU
		Release|Any CPU = Release|Any CPU
	EndGlobalSection
	GlobalSection(ProjectConfigurationPlatforms) = postSolution
		{02B6DDD7-5FF0-43CA-9503-B396D67B986F}.Debug|Any CPU.ActiveCfg = Debug|Any CPU
		{02B6DDD7-5FF0-43CA-9503-B396D67B986F}.Debug|Any CPU.Build.0 = Debug|Any CPU
		{02B6DDD7-5FF0-43CA-9503-B396D67B986F}.Release|Any CPU.ActiveCfg = Release|Any CPU
		{02B6DDD7-5FF0-43CA-9503-B396D67B986F}.Release|Any CPU.Build.0 = Release|Any CPU
	EndGlobalSection
	GlobalSection(SolutionProperties) = preSolution
		HideSolutionNode = FALSE
	EndGlobalSection
	GlobalSection(ExtensibilityGlobals) = postSolution
		SolutionGuid = {19184BCF-E625-4600-AF84-EED6AA3A8F23}
	EndGlobalSection
EndGlobal
